{
  "requires": true,
  "lockfileVersion": 1,
  "dependencies": {
    "google-protobuf": {
      "version": "3.7.1",
      "resolved": "http://registry.npm.taobao.org/google-protobuf/download/google-protobuf-3.7.1.tgz",
      "integrity": "sha1-nvD6O8nuQWuj++MrIexrdib4mOI="
    },
    "ts-protoc-gen": {
      "version": "0.9.0",
      "resolved": "http://registry.npm.taobao.org/ts-protoc-gen/download/ts-protoc-gen-0.9.0.tgz",
      "integrity": "sha1-ORCmfcREWs9Lw8b39ncJYZ6Yem4="
    }
  }
}
